
Microsoft Visual Studio Solution File, Format Version 12.00
# Visual Studio Version 17
VisualStudioVersion = 17.2.32630.192
MinimumVisualStudioVersion = 10.0.40219.1
Project("{9A19103F-16F7-4668-BE54-9A1E7A4F7556}") = "AdvancedInstallerDemo", "AdvancedInstallerDemo.csproj", "{8B7E1E7D-9AE3-409D-84EE-D2AD59979C2B}"
EndProject
Project("{E53339B2-1760-4266-BCC7-CA923CBCF16C}") = "docker-compose", "docker-compose.dcproj", "{F886B79A-D752-4326-9C0E-616E15574E77}"
EndProject
Global
	GlobalSection(SolutionConfigurationPlatforms) = preSolution
		All|Any CPU = All|Any CPU
		All|x86 = All|x86
		Debug|Any CPU = Debug|Any CPU
		Debug|x86 = Debug|x86
		Release|Any CPU = Release|Any CPU
		Release|x86 = Release|x86
	EndGlobalSection
	GlobalSection(ProjectConfigurationPlatforms) = postSolution
		{8B7E1E7D-9AE3-409D-84EE-D2AD59979C2B}.All|Any CPU.ActiveCfg = Debug|Any CPU
		{8B7E1E7D-9AE3-409D-84EE-D2AD59979C2B}.All|Any CPU.Build.0 = Debug|Any CPU
		{8B7E1E7D-9AE3-409D-84EE-D2AD59979C2B}.All|x86.ActiveCfg = Release|Any CPU
		{8B7E1E7D-9AE3-409D-84EE-D2AD59979C2B}.All|x86.Build.0 = Release|Any CPU
		{8B7E1E7D-9AE3-409D-84EE-D2AD59979C2B}.Debug|Any CPU.ActiveCfg = Debug|Any CPU
		{8B7E1E7D-9AE3-409D-84EE-D2AD59979C2B}.Debug|Any CPU.Build.0 = Debug|Any CPU
		{8B7E1E7D-9AE3-409D-84EE-D2AD59979C2B}.Debug|x86.ActiveCfg = Debug|Any CPU
		{8B7E1E7D-9AE3-409D-84EE-D2AD59979C2B}.Debug|x86.Build.0 = Debug|Any CPU
		{8B7E1E7D-9AE3-409D-84EE-D2AD59979C2B}.Release|Any CPU.ActiveCfg = Release|Any CPU
		{8B7E1E7D-9AE3-409D-84EE-D2AD59979C2B}.Release|Any CPU.Build.0 = Release|Any CPU
		{8B7E1E7D-9AE3-409D-84EE-D2AD59979C2B}.Release|x86.ActiveCfg = Release|Any CPU
		{8B7E1E7D-9AE3-409D-84EE-D2AD59979C2B}.Release|x86.Build.0 = Release|Any CPU
		{F886B79A-D752-4326-9C0E-616E15574E77}.All|Any CPU.ActiveCfg = Release|Any CPU
		{F886B79A-D752-4326-9C0E-616E15574E77}.All|Any CPU.Build.0 = Release|Any CPU
		{F886B79A-D752-4326-9C0E-616E15574E77}.All|x86.ActiveCfg = Release|Any CPU
		{F886B79A-D752-4326-9C0E-616E15574E77}.All|x86.Build.0 = Release|Any CPU
		{F886B79A-D752-4326-9C0E-616E15574E77}.Debug|Any CPU.ActiveCfg = Debug|Any CPU
		{F886B79A-D752-4326-9C0E-616E15574E77}.Debug|Any CPU.Build.0 = Debug|Any CPU
		{F886B79A-D752-4326-9C0E-616E15574E77}.Debug|x86.ActiveCfg = Debug|Any CPU
		{F886B79A-D752-4326-9C0E-616E15574E77}.Debug|x86.Build.0 = Debug|Any CPU
		{F886B79A-D752-4326-9C0E-616E15574E77}.Release|Any CPU.ActiveCfg = Release|Any CPU
		{F886B79A-D752-4326-9C0E-616E15574E77}.Release|Any CPU.Build.0 = Release|Any CPU
		{F886B79A-D752-4326-9C0E-616E15574E77}.Release|x86.ActiveCfg = Release|Any CPU
		{F886B79A-D752-4326-9C0E-616E15574E77}.Release|x86.Build.0 = Release|Any CPU
	EndGlobalSection
	GlobalSection(SolutionProperties) = preSolution
		HideSolutionNode = FALSE
	EndGlobalSection
	GlobalSection(ExtensibilityGlobals) = postSolution
		SolutionGuid = {084D0B10-1725-4391-A194-FFDB55E7731C}
	EndGlobalSection
EndGlobal
